
Microsoft Visual Studio Solution File, Format Version 12.00
# Visual Studio 15
Project("{FAE04EC0-301F-11D3-BF4B-00C04F79EFBC}") = "csharp-appium-local-test-browserstack", "csharp-appium-local-test-browserstack\csharp-appium-local-test-browserstack.csproj", "{A3701B2C-89DA-44F6-9862-169035CAE078}"
EndProject
Global
	GlobalSection(SolutionConfigurationPlatforms) = preSolution
		Debug|Any CPU = Debug|Any CPU
		Release|Any CPU = Release|Any CPU
	EndGlobalSection
	GlobalSection(ProjectConfigurationPlatforms) = postSolution
		{A3701B2C-89DA-44F6-9862-169035CAE078}.Debug|Any CPU.ActiveCfg = Debug|Any CPU
		{A3701B2C-89DA-44F6-9862-169035CAE078}.Debug|Any CPU.Build.0 = Debug|Any CPU
		{A3701B2C-89DA-44F6-9862-169035CAE078}.Release|Any CPU.ActiveCfg = Release|Any CPU
		{A3701B2C-89DA-44F6-9862-169035CAE078}.Release|Any CPU.Build.0 = Release|Any CPU
	EndGlobalSection
EndGlobal
