
Microsoft Visual Studio Solution File, Format Version 12.00
# Visual Studio 2012
Project("{FAE04EC0-301F-11D3-BF4B-00C04F79EFBC}") = "csharp-appium-local-app-browserstack", "csharp-appium-local-app-browserstack\csharp-appium-local-app-browserstack.csproj", "{9DC1DF7E-DD9C-4528-AA97-9C6EAF8EAB32}"
EndProject
Global
	GlobalSection(SolutionConfigurationPlatforms) = preSolution
		Debug|x86 = Debug|x86
		Release|x86 = Release|x86
	EndGlobalSection
	GlobalSection(ProjectConfigurationPlatforms) = postSolution
		{9DC1DF7E-DD9C-4528-AA97-9C6EAF8EAB32}.Debug|x86.ActiveCfg = Debug|x86
		{9DC1DF7E-DD9C-4528-AA97-9C6EAF8EAB32}.Debug|x86.Build.0 = Debug|x86
		{9DC1DF7E-DD9C-4528-AA97-9C6EAF8EAB32}.Release|x86.ActiveCfg = Release|x86
		{9DC1DF7E-DD9C-4528-AA97-9C6EAF8EAB32}.Release|x86.Build.0 = Release|x86
	EndGlobalSection
EndGlobal
